// !$*UTF8*$!
{
	archiveVersion = 1;
	classes = {
	};
	objectVersion = 55;
	objects = {

/* Begin PBXBuildFile section */
		C226E05B280190CD00F9B3EA /* AppDelegate.swift in Sources */ = {isa = PBXBuildFile; fileRef = C226E05A280190CD00F9B3EA /* AppDelegate.swift */; };
		C226E05D280190CD00F9B3EA /* SceneDelegate.swift in Sources */ = {isa = PBXBuildFile; fileRef = C226E05C280190CD00F9B3EA /* SceneDelegate.swift */; };
		C226E05F280190CD00F9B3EA /* GameViewController.swift in Sources */ = {isa = PBXBuildFile; fileRef = C226E05E280190CD00F9B3EA /* GameViewController.swift */; };
		C226E062280190CD00F9B3EA /* Main.storyboard in Resources */ = {isa = PBXBuildFile; fileRef = C226E060280190CD00F9B3EA /* Main.storyboard */; };
		C226E064280190CE00F9B3EA /* Assets.xcassets in Resources */ = {isa = PBXBuildFile; fileRef = C226E063280190CE00F9B3EA /* Assets.xcassets */; };
		C226E067280190CE00F9B3EA /* LaunchScreen.storyboard in Resources */ = {isa = PBXBuildFile; fileRef = C226E065280190CE00F9B3EA /* LaunchScreen.storyboard */; };
		C226E0702801999700F9B3EA /* BoardItem.swift in Sources */ = {isa = PBXBuildFile; fileRef = C226E06F2801999700F9B3EA /* BoardItem.swift */; };
		C226E07228039EE100F9B3EA /* Constants.swift in Sources */ = {isa = PBXBuildFile; fileRef = C226E07128039EE100F9B3EA /* Constants.swift */; };
		C226E076280414BF00F9B3EA /* Mali-Medium.ttf in Resources */ = {isa = PBXBuildFile; fileRef = C226E074280414BF00F9B3EA /* Mali-Medium.ttf */; };
		C226E077280414BF00F9B3EA /* Mali-Regular.ttf in Resources */ = {isa = PBXBuildFile; fileRef = C226E075280414BF00F9B3EA /* Mali-Regular.ttf */; };
		C226E0792807FD2000F9B3EA /* ResultViewController.swift in Sources */ = {isa = PBXBuildFile; fileRef = C226E0782807FD2000F9B3EA /* ResultViewController.swift */; };
		C226E07C280A8ECA00F9B3EA /* ShuffleViewController.swift in Sources */ = {isa = PBXBuildFile; fileRef = C226E07B280A8ECA00F9B3EA /* ShuffleViewController.swift */; };
		C226E07E280A9FA600F9B3EA /* Movement.swift in Sources */ = {isa = PBXBuildFile; fileRef = C226E07D280A9FA600F9B3EA /* Movement.swift */; };
/* End PBXBuildFile section */

/* Begin PBXFileReference section */
		C226E057280190CD00F9B3EA /* Crush.app */ = {isa = PBXFileReference; explicitFileType = wrapper.application; includeInIndex = 0; path = Crush.app; sourceTree = BUILT_PRODUCTS_DIR; };
		C226E05A280190CD00F9B3EA /* AppDelegate.swift */ = {isa = PBXFileReference; lastKnownFileType = sourcecode.swift; path = AppDelegate.swift; sourceTree = "<group>"; };
		C226E05C280190CD00F9B3EA /* SceneDelegate.swift */ = {isa = PBXFileReference; lastKnownFileType = sourcecode.swift; path = SceneDelegate.swift; sourceTree = "<group>"; };
		C226E05E280190CD00F9B3EA /* GameViewController.swift */ = {isa = PBXFileReference; lastKnownFileType = sourcecode.swift; path = GameViewController.swift; sourceTree = "<group>"; };
		C226E061280190CD00F9B3EA /* Base */ = {isa = PBXFileReference; lastKnownFileType = file.storyboard; name = Base; path = Base.lproj/Main.storyboard; sourceTree = "<group>"; };
		C226E063280190CE00F9B3EA /* Assets.xcassets */ = {isa = PBXFileReference; lastKnownFileType = folder.assetcatalog; path = Assets.xcassets; sourceTree = "<group>"; };
		C226E066280190CE00F9B3EA /* Base */ = {isa = PBXFileReference; lastKnownFileType = file.storyboard; name = Base; path = Base.lproj/LaunchScreen.storyboard; sourceTree = "<group>"; };
		C226E068280190CE00F9B3EA /* Info.plist */ = {isa = PBXFileReference; lastKnownFileType = text.plist.xml; path = Info.plist; sourceTree = "<group>"; };
		C226E06F2801999700F9B3EA /* BoardItem.swift */ = {isa = PBXFileReference; lastKnownFileType = sourcecode.swift; path = BoardItem.swift; sourceTree = "<group>"; };
		C226E07128039EE100F9B3EA /* Constants.swift */ = {isa = PBXFileReference; lastKnownFileType = sourcecode.swift; path = Constants.swift; sourceTree = "<group>"; };
		C226E074280414BF00F9B3EA /* Mali-Medium.ttf */ = {isa = PBXFileReference; lastKnownFileType = file; path = "Mali-Medium.ttf"; sourceTree = "<group>"; };
		C226E075280414BF00F9B3EA /* Mali-Regular.ttf */ = {isa = PBXFileReference; lastKnownFileType = file; path = "Mali-Regular.ttf"; sourceTree = "<group>"; };
		C226E0782807FD2000F9B3EA /* ResultViewController.swift */ = {isa = PBXFileReference; lastKnownFileType = sourcecode.swift; path = ResultViewController.swift; sourceTree = "<group>"; };
		C226E07B280A8ECA00F9B3EA /* ShuffleViewController.swift */ = {isa = PBXFileReference; lastKnownFileType = sourcecode.swift; path = ShuffleViewController.swift; sourceTree = "<group>"; };
		C226E07D280A9FA600F9B3EA /* Movement.swift */ = {isa = PBXFileReference; lastKnownFileType = sourcecode.swift; path = Movement.swift; sourceTree = "<group>"; };
/* End PBXFileReference section */

/* Begin PBXFrameworksBuildPhase section */
		C226E054280190CD00F9B3EA /* Frameworks */ = {
			isa = PBXFrameworksBuildPhase;
			buildActionMask = 2147483647;
			files = (
			);
			runOnlyForDeploymentPostprocessing = 0;
		};
/* End PBXFrameworksBuildPhase section */

/* Begin PBXGroup section */
		C226E04E280190CD00F9B3EA = {
			isa = PBXGroup;
			children = (
				C226E059280190CD00F9B3EA /* Crush */,
				C226E058280190CD00F9B3EA /* Products */,
			);
			sourceTree = "<group>";
		};
		C226E058280190CD00F9B3EA /* Products */ = {
			isa = PBXGroup;
			children = (
				C226E057280190CD00F9B3EA /* Crush.app */,
			);
			name = Products;
			sourceTree = "<group>";
		};
		C226E059280190CD00F9B3EA /* Crush */ = {
			isa = PBXGroup;
			children = (
				C226E073280414BF00F9B3EA /* Fonts */,
				C226E06E2801998900F9B3EA /* Model */,
				C226E07A2808395200F9B3EA /* Controller */,
				C226E05A280190CD00F9B3EA /* AppDelegate.swift */,
				C226E05C280190CD00F9B3EA /* SceneDelegate.swift */,
				C226E060280190CD00F9B3EA /* Main.storyboard */,
				C226E065280190CE00F9B3EA /* LaunchScreen.storyboard */,
				C226E063280190CE00F9B3EA /* Assets.xcassets */,
				C226E068280190CE00F9B3EA /* Info.plist */,
			);
			path = Crush;
			sourceTree = "<group>";
		};
		C226E06E2801998900F9B3EA /* Model */ = {
			isa = PBXGroup;
			children = (
				C226E06F2801999700F9B3EA /* BoardItem.swift */,
				C226E07128039EE100F9B3EA /* Constants.swift */,
				C226E07D280A9FA600F9B3EA /* Movement.swift */,
			);
			path = Model;
			sourceTree = "<group>";
		};
		C226E073280414BF00F9B3EA /* Fonts */ = {
			isa = PBXGroup;
			children = (
				C226E074280414BF00F9B3EA /* Mali-Medium.ttf */,
				C226E075280414BF00F9B3EA /* Mali-Regular.ttf */,
			);
			path = Fonts;
			sourceTree = "<group>";
		};
		C226E07A2808395200F9B3EA /* Controller */ = {
			isa = PBXGroup;
			children = (
				C226E05E280190CD00F9B3EA /* GameViewController.swift */,
				C226E0782807FD2000F9B3EA /* ResultViewController.swift */,
				C226E07B280A8ECA00F9B3EA /* ShuffleViewController.swift */,
			);
			path = Controller;
			sourceTree = "<group>";
		};
/* End PBXGroup section */

/* Begin PBXNativeTarget section */
		C226E056280190CD00F9B3EA /* Crush */ = {
			isa = PBXNativeTarget;
			buildConfigurationList = C226E06B280190CE00F9B3EA /* Build configuration list for PBXNativeTarget "Crush" */;
			buildPhases = (
				C226E053280190CD00F9B3EA /* Sources */,
				C226E054280190CD00F9B3EA /* Frameworks */,
				C226E055280190CD00F9B3EA /* Resources */,
			);
			buildRules = (
			);
			dependencies = (
			);
			name = Crush;
			productName = Crush;
			productReference = C226E057280190CD00F9B3EA /* Crush.app */;
			productType = "com.apple.product-type.application";
		};
/* End PBXNativeTarget section */

/* Begin PBXProject section */
		C226E04F280190CD00F9B3EA /* Project object */ = {
			isa = PBXProject;
			attributes = {
				BuildIndependentTargetsInParallel = 1;
				LastSwiftUpdateCheck = 1330;
				LastUpgradeCheck = 1330;
				TargetAttributes = {
					C226E056280190CD00F9B3EA = {
						CreatedOnToolsVersion = 13.3;
					};
				};
			};
			buildConfigurationList = C226E052280190CD00F9B3EA /* Build configuration list for PBXProject "Crush" */;
			compatibilityVersion = "Xcode 13.0";
			developmentRegion = en;
			hasScannedForEncodings = 0;
			knownRegions = (
				en,
				Base,
			);
			mainGroup = C226E04E280190CD00F9B3EA;
			productRefGroup = C226E058280190CD00F9B3EA /* Products */;
			projectDirPath = "";
			projectRoot = "";
			targets = (
				C226E056280190CD00F9B3EA /* Crush */,
			);
		};
/* End PBXProject section */

/* Begin PBXResourcesBuildPhase section */
		C226E055280190CD00F9B3EA /* Resources */ = {
			isa = PBXResourcesBuildPhase;
			buildActionMask = 2147483647;
			files = (
				C226E076280414BF00F9B3EA /* Mali-Medium.ttf in Resources */,
				C226E067280190CE00F9B3EA /* LaunchScreen.storyboard in Resources */,
				C226E064280190CE00F9B3EA /* Assets.xcassets in Resources */,
				C226E077280414BF00F9B3EA /* Mali-Regular.ttf in Resources */,
				C226E062280190CD00F9B3EA /* Main.storyboard in Resources */,
			);
			runOnlyForDeploymentPostprocessing = 0;
		};
/* End PBXResourcesBuildPhase section */

/* Begin PBXSourcesBuildPhase section */
		C226E053280190CD00F9B3EA /* Sources */ = {
			isa = PBXSourcesBuildPhase;
			buildActionMask = 2147483647;
			files = (
				C226E07228039EE100F9B3EA /* Constants.swift in Sources */,
				C226E05F280190CD00F9B3EA /* GameViewController.swift in Sources */,
				C226E07C280A8ECA00F9B3EA /* ShuffleViewController.swift in Sources */,
				C226E05B280190CD00F9B3EA /* AppDelegate.swift in Sources */,
				C226E07E280A9FA600F9B3EA /* Movement.swift in Sources */,
				C226E0702801999700F9B3EA /* BoardItem.swift in Sources */,
				C226E05D280190CD00F9B3EA /* SceneDelegate.swift in Sources */,
				C226E0792807FD2000F9B3EA /* ResultViewController.swift in Sources */,
			);
			runOnlyForDeploymentPostprocessing = 0;
		};
/* End PBXSourcesBuildPhase section */

/* Begin PBXVariantGroup section */
		C226E060280190CD00F9B3EA /* Main.storyboard */ = {
			isa = PBXVariantGroup;
			children = (
				C226E061280190CD00F9B3EA /* Base */,
			);
			name = Main.storyboard;
			sourceTree = "<group>";
		};
		C226E065280190CE00F9B3EA /* LaunchScreen.storyboard */ = {
			isa = PBXVariantGroup;
			children = (
				C226E066280190CE00F9B3EA /* Base */,
			);
			name = LaunchScreen.storyboard;
			sourceTree = "<group>";
		};
/* End PBXVariantGroup section */

/* Begin XCBuildConfiguration section */
		C226E069280190CE00F9B3EA /* Debug */ = {
			isa = XCBuildConfiguration;
			buildSettings = {
				ALWAYS_SEARCH_USER_PATHS = NO;
				CLANG_ANALYZER_NONNULL = YES;
				CLANG_ANALYZER_NUMBER_OBJECT_CONVERSION = YES_AGGRESSIVE;
				CLANG_CXX_LANGUAGE_STANDARD = "gnu++17";
				CLANG_ENABLE_MODULES = YES;
				CLANG_ENABLE_OBJC_ARC = YES;
				CLANG_ENABLE_OBJC_WEAK = YES;
				CLANG_WARN_BLOCK_CAPTURE_AUTORELEASING = YES;
				CLANG_WARN_BOOL_CONVERSION = YES;
				CLANG_WARN_COMMA = YES;
				CLANG_WARN_CONSTANT_CONVERSION = YES;
				CLANG_WARN_DEPRECATED_OBJC_IMPLEMENTATIONS = YES;
				CLANG_WARN_DIRECT_OBJC_ISA_USAGE = YES_ERROR;
				CLANG_WARN_DOCUMENTATION_COMMENTS = YES;
				CLANG_WARN_EMPTY_BODY = YES;
				CLANG_WARN_ENUM_CONVERSION = YES;
				CLANG_WARN_INFINITE_RECURSION = YES;
				CLANG_WARN_INT_CONVERSION = YES;
				CLANG_WARN_NON_LITERAL_NULL_CONVERSION = YES;
				CLANG_WARN_OBJC_IMPLICIT_RETAIN_SELF = YES;
				CLANG_WARN_OBJC_LITERAL_CONVERSION = YES;
				CLANG_WARN_OBJC_ROOT_CLASS = YES_ERROR;
				CLANG_WARN_QUOTED_INCLUDE_IN_FRAMEWORK_HEADER = YES;
				CLANG_WARN_RANGE_LOOP_ANALYSIS = YES;
				CLANG_WARN_STRICT_PROTOTYPES = YES;
				CLANG_WARN_SUSPICIOUS_MOVE = YES;
				CLANG_WARN_UNGUARDED_AVAILABILITY = YES_AGGRESSIVE;
				CLANG_WARN_UNREACHABLE_CODE = YES;
				CLANG_WARN__DUPLICATE_METHOD_MATCH = YES;
				COPY_PHASE_STRIP = NO;
				DEBUG_INFORMATION_FORMAT = dwarf;
				ENABLE_STRICT_OBJC_MSGSEND = YES;
				ENABLE_TESTABILITY = YES;
				GCC_C_LANGUAGE_STANDARD = gnu11;
				GCC_DYNAMIC_NO_PIC = NO;
				GCC_NO_COMMON_BLOCKS = YES;
				GCC_OPTIMIZATION_LEVEL = 0;
				GCC_PREPROCESSOR_DEFINITIONS = (
					"DEBUG=1",
					"$(inherited)",
				);
				GCC_WARN_64_TO_32_BIT_CONVERSION = YES;
				GCC_WARN_ABOUT_RETURN_TYPE = YES_ERROR;
				GCC_WARN_UNDECLARED_SELECTOR = YES;
				GCC_WARN_UNINITIALIZED_AUTOS = YES_AGGRESSIVE;
				GCC_WARN_UNUSED_FUNCTION = YES;
				GCC_WARN_UNUSED_VARIABLE = YES;
				IPHONEOS_DEPLOYMENT_TARGET = 15.4;
				MTL_ENABLE_DEBUG_INFO = INCLUDE_SOURCE;
				MTL_FAST_MATH = YES;
				ONLY_ACTIVE_ARCH = YES;
				SDKROOT = iphoneos;
				SWIFT_ACTIVE_COMPILATION_CONDITIONS = DEBUG;
				SWIFT_OPTIMIZATION_LEVEL = "-Onone";
			};
			name = Debug;
		};
		C226E06A280190CE00F9B3EA /* Release */ = {
			isa = XCBuildConfiguration;
			buildSettings = {
				ALWAYS_SEARCH_USER_PATHS = NO;
				CLANG_ANALYZER_NONNULL = YES;
				CLANG_ANALYZER_NUMBER_OBJECT_CONVERSION = YES_AGGRESSIVE;
				CLANG_CXX_LANGUAGE_STANDARD = "gnu++17";
				CLANG_ENABLE_MODULES = YES;
				CLANG_ENABLE_OBJC_ARC = YES;
				CLANG_ENABLE_OBJC_WEAK = YES;
				CLANG_WARN_BLOCK_CAPTURE_AUTORELEASING = YES;
				CLANG_WARN_BOOL_CONVERSION = YES;
				CLANG_WARN_COMMA = YES;
				CLANG_WARN_CONSTANT_CONVERSION = YES;
				CLANG_WARN_DEPRECATED_OBJC_IMPLEMENTATIONS = YES;
				CLANG_WARN_DIRECT_OBJC_ISA_USAGE = YES_ERROR;
				CLANG_WARN_DOCUMENTATION_COMMENTS = YES;
				CLANG_WARN_EMPTY_BODY = YES;
				CLANG_WARN_ENUM_CONVERSION = YES;
				CLANG_WARN_INFINITE_RECURSION = YES;
				CLANG_WARN_INT_CONVERSION = YES;
				CLANG_WARN_NON_LITERAL_NULL_CONVERSION = YES;
				CLANG_WARN_OBJC_IMPLICIT_RETAIN_SELF = YES;
				CLANG_WARN_OBJC_LITERAL_CONVERSION = YES;
				CLANG_WARN_OBJC_ROOT_CLASS = YES_ERROR;
				CLANG_WARN_QUOTED_INCLUDE_IN_FRAMEWORK_HEADER = YES;
				CLANG_WARN_RANGE_LOOP_ANALYSIS = YES;
				CLANG_WARN_STRICT_PROTOTYPES = YES;
				CLANG_WARN_SUSPICIOUS_MOVE = YES;
				CLANG_WARN_UNGUARDED_AVAILABILITY = YES_AGGRESSIVE;
				CLANG_WARN_UNREACHABLE_CODE = YES;
				CLANG_WARN__DUPLICATE_METHOD_MATCH = YES;
				COPY_PHASE_STRIP = NO;
				DEBUG_INFORMATION_FORMAT = "dwarf-with-dsym";
				ENABLE_NS_ASSERTIONS = NO;
				ENABLE_STRICT_OBJC_MSGSEND = YES;
				GCC_C_LANGUAGE_STANDARD = gnu11;
				GCC_NO_COMMON_BLOCKS = YES;
				GCC_WARN_64_TO_32_BIT_CONVERSION = YES;
				GCC_WARN_ABOUT_RETURN_TYPE = YES_ERROR;
				GCC_WARN_UNDECLARED_SELECTOR = YES;
				GCC_WARN_UNINITIALIZED_AUTOS = YES_AGGRESSIVE;
				GCC_WARN_UNUSED_FUNCTION = YES;
				GCC_WARN_UNUSED_VARIABLE = YES;
				IPHONEOS_DEPLOYMENT_TARGET = 15.4;
				MTL_ENABLE_DEBUG_INFO = NO;
				MTL_FAST_MATH = YES;
				SDKROOT = iphoneos;
				SWIFT_COMPILATION_MODE = wholemodule;
				SWIFT_OPTIMIZATION_LEVEL = "-O";
				VALIDATE_PRODUCT = YES;
			};
			name = Release;
		};
		C226E06C280190CE00F9B3EA /* Debug */ = {
			isa = XCBuildConfiguration;
			buildSettings = {
				ASSETCATALOG_COMPILER_APPICON_NAME = AppIcon;
				ASSETCATALOG_COMPILER_GLOBAL_ACCENT_COLOR_NAME = AccentColor;
				CODE_SIGN_STYLE = Automatic;
				CURRENT_PROJECT_VERSION = 1;
				DEVELOPMENT_TEAM = 3U7YW6923F;
				GENERATE_INFOPLIST_FILE = YES;
				INFOPLIST_FILE = Crush/Info.plist;
				INFOPLIST_KEY_UIApplicationSupportsIndirectInputEvents = YES;
				INFOPLIST_KEY_UILaunchStoryboardName = LaunchScreen;
				INFOPLIST_KEY_UIMainStoryboardFile = Main;
				INFOPLIST_KEY_UISupportedInterfaceOrientations_iPad = "UIInterfaceOrientationPortrait UIInterfaceOrientationPortraitUpsideDown UIInterfaceOrientationLandscapeLeft UIInterfaceOrientationLandscapeRight";
				INFOPLIST_KEY_UISupportedInterfaceOrientations_iPhone = "UIInterfaceOrientationPortrait UIInterfaceOrientationLandscapeLeft UIInterfaceOrientationLandscapeRight";
				LD_RUNPATH_SEARCH_PATHS = (
					"$(inherited)",
					"@executable_path/Frameworks",
				);
				MARKETING_VERSION = 1.0;
				PRODUCT_BUNDLE_IDENTIFIER = com.codebear.Crush;
				PRODUCT_NAME = "$(TARGET_NAME)";
				SWIFT_EMIT_LOC_STRINGS = YES;
				SWIFT_VERSION = 5.0;
				TARGETED_DEVICE_FAMILY = "1,2";
			};
			name = Debug;
		};
		C226E06D280190CE00F9B3EA /* Release */ = {
			isa = XCBuildConfiguration;
			buildSettings = {
				ASSETCATALOG_COMPILER_APPICON_NAME = AppIcon;
				ASSETCATALOG_COMPILER_GLOBAL_ACCENT_COLOR_NAME = AccentColor;
				CODE_SIGN_STYLE = Automatic;
				CURRENT_PROJECT_VERSION = 1;
				DEVELOPMENT_TEAM = 3U7YW6923F;
				GENERATE_INFOPLIST_FILE = YES;
				INFOPLIST_FILE = Crush/Info.plist;
				INFOPLIST_KEY_UIApplicationSupportsIndirectInputEvents = YES;
				INFOPLIST_KEY_UILaunchStoryboardName = LaunchScreen;
				INFOPLIST_KEY_UIMainStoryboardFile = Main;
				INFOPLIST_KEY_UISupportedInterfaceOrientations_iPad = "UIInterfaceOrientationPortrait UIInterfaceOrientationPortraitUpsideDown UIInterfaceOrientationLandscapeLeft UIInterfaceOrientationLandscapeRight";
				INFOPLIST_KEY_UISupportedInterfaceOrientations_iPhone = "UIInterfaceOrientationPortrait UIInterfaceOrientationLandscapeLeft UIInterfaceOrientationLandscapeRight";
				LD_RUNPATH_SEARCH_PATHS = (
					"$(inherited)",
					"@executable_path/Frameworks",
				);
				MARKETING_VERSION = 1.0;
				PRODUCT_BUNDLE_IDENTIFIER = com.codebear.Crush;
				PRODUCT_NAME = "$(TARGET_NAME)";
				SWIFT_EMIT_LOC_STRINGS = YES;
				SWIFT_VERSION = 5.0;
				TARGETED_DEVICE_FAMILY = "1,2";
			};
			name = Release;
		};
/* End XCBuildConfiguration section */

/* Begin XCConfigurationList section */
		C226E052280190CD00F9B3EA /* Build configuration list for PBXProject "Crush" */ = {
			isa = XCConfigurationList;
			buildConfigurations = (
				C226E069280190CE00F9B3EA /* Debug */,
				C226E06A280190CE00F9B3EA /* Release */,
			);
			defaultConfigurationIsVisible = 0;
			defaultConfigurationName = Release;
		};
		C226E06B280190CE00F9B3EA /* Build configuration list for PBXNativeTarget "Crush" */ = {
			isa = XCConfigurationList;
			buildConfigurations = (
				C226E06C280190CE00F9B3EA /* Debug */,
				C226E06D280190CE00F9B3EA /* Release */,
			);
			defaultConfigurationIsVisible = 0;
			defaultConfigurationName = Release;
		};
/* End XCConfigurationList section */
	};
	rootObject = C226E04F280190CD00F9B3EA /* Project object */;
}
